// !$*UTF8*$!
{
	archiveVersion = 1;
	classes = {
	};
	objectVersion = 56;
	objects = {

/* Begin PBXBuildFile section */
		E2AF90912B9C559800BB85B1 /* Shader.metal in Sources */ = {isa = PBXBuildFile; fileRef = E2AF90902B9C559800BB85B1 /* Shader.metal */; };
		E2AF90AD2B9EE30400BB85B1 /* Node.swift in Sources */ = {isa = PBXBuildFile; fileRef = E2AF90AC2B9EE30400BB85B1 /* Node.swift */; };
		E2AF90AF2B9EE3AF00BB85B1 /* Plane.swift in Sources */ = {isa = PBXBuildFile; fileRef = E2AF90AE2B9EE3AF00BB85B1 /* Plane.swift */; };
		E2AF90B12B9EE5E900BB85B1 /* Scene.swift in Sources */ = {isa = PBXBuildFile; fileRef = E2AF90B02B9EE5E900BB85B1 /* Scene.swift */; };
		E2AF90B32B9EE65400BB85B1 /* GameScene.swift in Sources */ = {isa = PBXBuildFile; fileRef = E2AF90B22B9EE65400BB85B1 /* GameScene.swift */; };
		E2C1B4942B948FAF00C41BA3 /* AppDelegate.swift in Sources */ = {isa = PBXBuildFile; fileRef = E2C1B4932B948FAF00C41BA3 /* AppDelegate.swift */; };
		E2C1B4962B948FAF00C41BA3 /* SceneDelegate.swift in Sources */ = {isa = PBXBuildFile; fileRef = E2C1B4952B948FAF00C41BA3 /* SceneDelegate.swift */; };
		E2C1B4982B948FAF00C41BA3 /* ViewController.swift in Sources */ = {isa = PBXBuildFile; fileRef = E2C1B4972B948FAF00C41BA3 /* ViewController.swift */; };
		E2C1B49D2B948FB100C41BA3 /* Assets.xcassets in Resources */ = {isa = PBXBuildFile; fileRef = E2C1B49C2B948FB100C41BA3 /* Assets.xcassets */; };
		E2C1B4A02B948FB100C41BA3 /* LaunchScreen.storyboard in Resources */ = {isa = PBXBuildFile; fileRef = E2C1B49E2B948FB100C41BA3 /* LaunchScreen.storyboard */; };
		E2C1B4A82B94E1F300C41BA3 /* Renderer.swift in Sources */ = {isa = PBXBuildFile; fileRef = E2C1B4A72B94E1F300C41BA3 /* Renderer.swift */; };
/* End PBXBuildFile section */

/* Begin PBXFileReference section */
		E2AF90902B9C559800BB85B1 /* Shader.metal */ = {isa = PBXFileReference; lastKnownFileType = sourcecode.metal; path = Shader.metal; sourceTree = "<group>"; };
		E2AF90AC2B9EE30400BB85B1 /* Node.swift */ = {isa = PBXFileReference; lastKnownFileType = sourcecode.swift; path = Node.swift; sourceTree = "<group>"; };
		E2AF90AE2B9EE3AF00BB85B1 /* Plane.swift */ = {isa = PBXFileReference; lastKnownFileType = sourcecode.swift; path = Plane.swift; sourceTree = "<group>"; };
		E2AF90B02B9EE5E900BB85B1 /* Scene.swift */ = {isa = PBXFileReference; lastKnownFileType = sourcecode.swift; path = Scene.swift; sourceTree = "<group>"; };
		E2AF90B22B9EE65400BB85B1 /* GameScene.swift */ = {isa = PBXFileReference; lastKnownFileType = sourcecode.swift; path = GameScene.swift; sourceTree = "<group>"; };
		E2C1B4902B948FAF00C41BA3 /* FirstSteps.app */ = {isa = PBXFileReference; explicitFileType = wrapper.application; includeInIndex = 0; path = FirstSteps.app; sourceTree = BUILT_PRODUCTS_DIR; };
		E2C1B4932B948FAF00C41BA3 /* AppDelegate.swift */ = {isa = PBXFileReference; lastKnownFileType = sourcecode.swift; path = AppDelegate.swift; sourceTree = "<group>"; };
		E2C1B4952B948FAF00C41BA3 /* SceneDelegate.swift */ = {isa = PBXFileReference; lastKnownFileType = sourcecode.swift; path = SceneDelegate.swift; sourceTree = "<group>"; };
		E2C1B4972B948FAF00C41BA3 /* ViewController.swift */ = {isa = PBXFileReference; lastKnownFileType = sourcecode.swift; path = ViewController.swift; sourceTree = "<group>"; };
		E2C1B49C2B948FB100C41BA3 /* Assets.xcassets */ = {isa = PBXFileReference; lastKnownFileType = folder.assetcatalog; path = Assets.xcassets; sourceTree = "<group>"; };
		E2C1B49F2B948FB100C41BA3 /* Base */ = {isa = PBXFileReference; lastKnownFileType = file.storyboard; name = Base; path = Base.lproj/LaunchScreen.storyboard; sourceTree = "<group>"; };
		E2C1B4A12B948FB100C41BA3 /* Info.plist */ = {isa = PBXFileReference; lastKnownFileType = text.plist.xml; path = Info.plist; sourceTree = "<group>"; };
		E2C1B4A72B94E1F300C41BA3 /* Renderer.swift */ = {isa = PBXFileReference; lastKnownFileType = sourcecode.swift; path = Renderer.swift; sourceTree = "<group>"; };
/* End PBXFileReference section */

/* Begin PBXFrameworksBuildPhase section */
		E2C1B48D2B948FAF00C41BA3 /* Frameworks */ = {
			isa = PBXFrameworksBuildPhase;
			buildActionMask = 2147483647;
			files = (
			);
			runOnlyForDeploymentPostprocessing = 0;
		};
/* End PBXFrameworksBuildPhase section */

/* Begin PBXGroup section */
		E2AF90B62BA0268700BB85B1 /* Scenes */ = {
			isa = PBXGroup;
			children = (
				E2AF90B02B9EE5E900BB85B1 /* Scene.swift */,
				E2AF90B22B9EE65400BB85B1 /* GameScene.swift */,
			);
			path = Scenes;
			sourceTree = "<group>";
		};
		E2AF90B72BA0269900BB85B1 /* Nodes */ = {
			isa = PBXGroup;
			children = (
				E2AF90AC2B9EE30400BB85B1 /* Node.swift */,
				E2AF90AE2B9EE3AF00BB85B1 /* Plane.swift */,
			);
			path = Nodes;
			sourceTree = "<group>";
		};
		E2C1B4872B948FAF00C41BA3 = {
			isa = PBXGroup;
			children = (
				E2C1B4922B948FAF00C41BA3 /* FirstSteps */,
				E2C1B4912B948FAF00C41BA3 /* Products */,
			);
			sourceTree = "<group>";
		};
		E2C1B4912B948FAF00C41BA3 /* Products */ = {
			isa = PBXGroup;
			children = (
				E2C1B4902B948FAF00C41BA3 /* FirstSteps.app */,
			);
			name = Products;
			sourceTree = "<group>";
		};
		E2C1B4922B948FAF00C41BA3 /* FirstSteps */ = {
			isa = PBXGroup;
			children = (
				E2AF90B72BA0269900BB85B1 /* Nodes */,
				E2AF90B62BA0268700BB85B1 /* Scenes */,
				E2C1B4932B948FAF00C41BA3 /* AppDelegate.swift */,
				E2C1B4952B948FAF00C41BA3 /* SceneDelegate.swift */,
				E2C1B4972B948FAF00C41BA3 /* ViewController.swift */,
				E2C1B4A72B94E1F300C41BA3 /* Renderer.swift */,
				E2AF90902B9C559800BB85B1 /* Shader.metal */,
				E2C1B49C2B948FB100C41BA3 /* Assets.xcassets */,
				E2C1B49E2B948FB100C41BA3 /* LaunchScreen.storyboard */,
				E2C1B4A12B948FB100C41BA3 /* Info.plist */,
			);
			path = FirstSteps;
			sourceTree = "<group>";
		};
/* End PBXGroup section */

/* Begin PBXNativeTarget section */
		E2C1B48F2B948FAF00C41BA3 /* FirstSteps */ = {
			isa = PBXNativeTarget;
			buildConfigurationList = E2C1B4A42B948FB100C41BA3 /* Build configuration list for PBXNativeTarget "FirstSteps" */;
			buildPhases = (
				E2C1B48C2B948FAF00C41BA3 /* Sources */,
				E2C1B48D2B948FAF00C41BA3 /* Frameworks */,
				E2C1B48E2B948FAF00C41BA3 /* Resources */,
			);
			buildRules = (
			);
			dependencies = (
			);
			name = FirstSteps;
			productName = FirstSteps;
			productReference = E2C1B4902B948FAF00C41BA3 /* FirstSteps.app */;
			productType = "com.apple.product-type.application";
		};
/* End PBXNativeTarget section */

/* Begin PBXProject section */
		E2C1B4882B948FAF00C41BA3 /* Project object */ = {
			isa = PBXProject;
			attributes = {
				BuildIndependentTargetsInParallel = 1;
				LastSwiftUpdateCheck = 1520;
				LastUpgradeCheck = 1520;
				TargetAttributes = {
					E2C1B48F2B948FAF00C41BA3 = {
						CreatedOnToolsVersion = 15.2;
					};
				};
			};
			buildConfigurationList = E2C1B48B2B948FAF00C41BA3 /* Build configuration list for PBXProject "FirstSteps" */;
			compatibilityVersion = "Xcode 14.0";
			developmentRegion = en;
			hasScannedForEncodings = 0;
			knownRegions = (
				en,
				Base,
			);
			mainGroup = E2C1B4872B948FAF00C41BA3;
			productRefGroup = E2C1B4912B948FAF00C41BA3 /* Products */;
			projectDirPath = "";
			projectRoot = "";
			targets = (
				E2C1B48F2B948FAF00C41BA3 /* FirstSteps */,
			);
		};
/* End PBXProject section */

/* Begin PBXResourcesBuildPhase section */
		E2C1B48E2B948FAF00C41BA3 /* Resources */ = {
			isa = PBXResourcesBuildPhase;
			buildActionMask = 2147483647;
			files = (
				E2C1B4A02B948FB100C41BA3 /* LaunchScreen.storyboard in Resources */,
				E2C1B49D2B948FB100C41BA3 /* Assets.xcassets in Resources */,
			);
			runOnlyForDeploymentPostprocessing = 0;
		};
/* End PBXResourcesBuildPhase section */

/* Begin PBXSourcesBuildPhase section */
		E2C1B48C2B948FAF00C41BA3 /* Sources */ = {
			isa = PBXSourcesBuildPhase;
			buildActionMask = 2147483647;
			files = (
				E2C1B4A82B94E1F300C41BA3 /* Renderer.swift in Sources */,
				E2C1B4982B948FAF00C41BA3 /* ViewController.swift in Sources */,
				E2C1B4942B948FAF00C41BA3 /* AppDelegate.swift in Sources */,
				E2AF90B32B9EE65400BB85B1 /* GameScene.swift in Sources */,
				E2AF90AD2B9EE30400BB85B1 /* Node.swift in Sources */,
				E2AF90B12B9EE5E900BB85B1 /* Scene.swift in Sources */,
				E2AF90912B9C559800BB85B1 /* Shader.metal in Sources */,
				E2C1B4962B948FAF00C41BA3 /* SceneDelegate.swift in Sources */,
				E2AF90AF2B9EE3AF00BB85B1 /* Plane.swift in Sources */,
			);
			runOnlyForDeploymentPostprocessing = 0;
		};
/* End PBXSourcesBuildPhase section */

/* Begin PBXVariantGroup section */
		E2C1B49E2B948FB100C41BA3 /* LaunchScreen.storyboard */ = {
			isa = PBXVariantGroup;
			children = (
				E2C1B49F2B948FB100C41BA3 /* Base */,
			);
			name = LaunchScreen.storyboard;
			sourceTree = "<group>";
		};
/* End PBXVariantGroup section */

/* Begin XCBuildConfiguration section */
		E2C1B4A22B948FB100C41BA3 /* Debug */ = {
			isa = XCBuildConfiguration;
			buildSettings = {
				ALWAYS_SEARCH_USER_PATHS = NO;
				ASSETCATALOG_COMPILER_GENERATE_SWIFT_ASSET_SYMBOL_EXTENSIONS = YES;
				CLANG_ANALYZER_NONNULL = YES;
				CLANG_ANALYZER_NUMBER_OBJECT_CONVERSION = YES_AGGRESSIVE;
				CLANG_CXX_LANGUAGE_STANDARD = "gnu++20";
				CLANG_ENABLE_MODULES = YES;
				CLANG_ENABLE_OBJC_ARC = YES;
				CLANG_ENABLE_OBJC_WEAK = YES;
				CLANG_WARN_BLOCK_CAPTURE_AUTORELEASING = YES;
				CLANG_WARN_BOOL_CONVERSION = YES;
				CLANG_WARN_COMMA = YES;
				CLANG_WARN_CONSTANT_CONVERSION = YES;
				CLANG_WARN_DEPRECATED_OBJC_IMPLEMENTATIONS = YES;
				CLANG_WARN_DIRECT_OBJC_ISA_USAGE = YES_ERROR;
				CLANG_WARN_DOCUMENTATION_COMMENTS = YES;
				CLANG_WARN_EMPTY_BODY = YES;
				CLANG_WARN_ENUM_CONVERSION = YES;
				CLANG_WARN_INFINITE_RECURSION = YES;
				CLANG_WARN_INT_CONVERSION = YES;
				CLANG_WARN_NON_LITERAL_NULL_CONVERSION = YES;
				CLANG_WARN_OBJC_IMPLICIT_RETAIN_SELF = YES;
				CLANG_WARN_OBJC_LITERAL_CONVERSION = YES;
				CLANG_WARN_OBJC_ROOT_CLASS = YES_ERROR;
				CLANG_WARN_QUOTED_INCLUDE_IN_FRAMEWORK_HEADER = YES;
				CLANG_WARN_RANGE_LOOP_ANALYSIS = YES;
				CLANG_WARN_STRICT_PROTOTYPES = YES;
				CLANG_WARN_SUSPICIOUS_MOVE = YES;
				CLANG_WARN_UNGUARDED_AVAILABILITY = YES_AGGRESSIVE;
				CLANG_WARN_UNREACHABLE_CODE = YES;
				CLANG_WARN__DUPLICATE_METHOD_MATCH = YES;
				COPY_PHASE_STRIP = NO;
				DEBUG_INFORMATION_FORMAT = dwarf;
				ENABLE_STRICT_OBJC_MSGSEND = YES;
				ENABLE_TESTABILITY = YES;
				ENABLE_USER_SCRIPT_SANDBOXING = YES;
				GCC_C_LANGUAGE_STANDARD = gnu17;
				GCC_DYNAMIC_NO_PIC = NO;
				GCC_NO_COMMON_BLOCKS = YES;
				GCC_OPTIMIZATION_LEVEL = 0;
				GCC_PREPROCESSOR_DEFINITIONS = (
					"DEBUG=1",
					"$(inherited)",
				);
				GCC_WARN_64_TO_32_BIT_CONVERSION = YES;
				GCC_WARN_ABOUT_RETURN_TYPE = YES_ERROR;
				GCC_WARN_UNDECLARED_SELECTOR = YES;
				GCC_WARN_UNINITIALIZED_AUTOS = YES_AGGRESSIVE;
				GCC_WARN_UNUSED_FUNCTION = YES;
				GCC_WARN_UNUSED_VARIABLE = YES;
				IPHONEOS_DEPLOYMENT_TARGET = 17.2;
				LOCALIZATION_PREFERS_STRING_CATALOGS = YES;
				MTL_ENABLE_DEBUG_INFO = INCLUDE_SOURCE;
				MTL_FAST_MATH = YES;
				ONLY_ACTIVE_ARCH = YES;
				SDKROOT = iphoneos;
				SWIFT_ACTIVE_COMPILATION_CONDITIONS = "DEBUG $(inherited)";
				SWIFT_OPTIMIZATION_LEVEL = "-Onone";
			};
			name = Debug;
		};
		E2C1B4A32B948FB100C41BA3 /* Release */ = {
			isa = XCBuildConfiguration;
			buildSettings = {
				ALWAYS_SEARCH_USER_PATHS = NO;
				ASSETCATALOG_COMPILER_GENERATE_SWIFT_ASSET_SYMBOL_EXTENSIONS = YES;
				CLANG_ANALYZER_NONNULL = YES;
				CLANG_ANALYZER_NUMBER_OBJECT_CONVERSION = YES_AGGRESSIVE;
				CLANG_CXX_LANGUAGE_STANDARD = "gnu++20";
				CLANG_ENABLE_MODULES = YES;
				CLANG_ENABLE_OBJC_ARC = YES;
				CLANG_ENABLE_OBJC_WEAK = YES;
				CLANG_WARN_BLOCK_CAPTURE_AUTORELEASING = YES;
				CLANG_WARN_BOOL_CONVERSION = YES;
				CLANG_WARN_COMMA = YES;
				CLANG_WARN_CONSTANT_CONVERSION = YES;
				CLANG_WARN_DEPRECATED_OBJC_IMPLEMENTATIONS = YES;
				CLANG_WARN_DIRECT_OBJC_ISA_USAGE = YES_ERROR;
				CLANG_WARN_DOCUMENTATION_COMMENTS = YES;
				CLANG_WARN_EMPTY_BODY = YES;
				CLANG_WARN_ENUM_CONVERSION = YES;
				CLANG_WARN_INFINITE_RECURSION = YES;
				CLANG_WARN_INT_CONVERSION = YES;
				CLANG_WARN_NON_LITERAL_NULL_CONVERSION = YES;
				CLANG_WARN_OBJC_IMPLICIT_RETAIN_SELF = YES;
				CLANG_WARN_OBJC_LITERAL_CONVERSION = YES;
				CLANG_WARN_OBJC_ROOT_CLASS = YES_ERROR;
				CLANG_WARN_QUOTED_INCLUDE_IN_FRAMEWORK_HEADER = YES;
				CLANG_WARN_RANGE_LOOP_ANALYSIS = YES;
				CLANG_WARN_STRICT_PROTOTYPES = YES;
				CLANG_WARN_SUSPICIOUS_MOVE = YES;
				CLANG_WARN_UNGUARDED_AVAILABILITY = YES_AGGRESSIVE;
				CLANG_WARN_UNREACHABLE_CODE = YES;
				CLANG_WARN__DUPLICATE_METHOD_MATCH = YES;
				COPY_PHASE_STRIP = NO;
				DEBUG_INFORMATION_FORMAT = "dwarf-with-dsym";
				ENABLE_NS_ASSERTIONS = NO;
				ENABLE_STRICT_OBJC_MSGSEND = YES;
				ENABLE_USER_SCRIPT_SANDBOXING = YES;
				GCC_C_LANGUAGE_STANDARD = gnu17;
				GCC_NO_COMMON_BLOCKS = YES;
				GCC_WARN_64_TO_32_BIT_CONVERSION = YES;
				GCC_WARN_ABOUT_RETURN_TYPE = YES_ERROR;
				GCC_WARN_UNDECLARED_SELECTOR = YES;
				GCC_WARN_UNINITIALIZED_AUTOS = YES_AGGRESSIVE;
				GCC_WARN_UNUSED_FUNCTION = YES;
				GCC_WARN_UNUSED_VARIABLE = YES;
				IPHONEOS_DEPLOYMENT_TARGET = 17.2;
				LOCALIZATION_PREFERS_STRING_CATALOGS = YES;
				MTL_ENABLE_DEBUG_INFO = NO;
				MTL_FAST_MATH = YES;
				SDKROOT = iphoneos;
				SWIFT_COMPILATION_MODE = wholemodule;
				VALIDATE_PRODUCT = YES;
			};
			name = Release;
		};
		E2C1B4A52B948FB100C41BA3 /* Debug */ = {
			isa = XCBuildConfiguration;
			buildSettings = {
				ASSETCATALOG_COMPILER_APPICON_NAME = AppIcon;
				ASSETCATALOG_COMPILER_GLOBAL_ACCENT_COLOR_NAME = AccentColor;
				CODE_SIGN_STYLE = Automatic;
				CURRENT_PROJECT_VERSION = 1;
				DEVELOPMENT_TEAM = KWBL32UU3W;
				GENERATE_INFOPLIST_FILE = YES;
				INFOPLIST_FILE = FirstSteps/Info.plist;
				INFOPLIST_KEY_UIApplicationSupportsIndirectInputEvents = YES;
				INFOPLIST_KEY_UILaunchStoryboardName = LaunchScreen;
				INFOPLIST_KEY_UISupportedInterfaceOrientations_iPad = "UIInterfaceOrientationPortrait UIInterfaceOrientationPortraitUpsideDown UIInterfaceOrientationLandscapeLeft UIInterfaceOrientationLandscapeRight";
				INFOPLIST_KEY_UISupportedInterfaceOrientations_iPhone = "UIInterfaceOrientationPortrait UIInterfaceOrientationLandscapeLeft UIInterfaceOrientationLandscapeRight";
				LD_RUNPATH_SEARCH_PATHS = (
					"$(inherited)",
					"@executable_path/Frameworks",
				);
				MARKETING_VERSION = 1.0;
				PRODUCT_BUNDLE_IDENTIFIER = "com.ivan-pryhara.FirstSteps";
				PRODUCT_NAME = "$(TARGET_NAME)";
				SWIFT_EMIT_LOC_STRINGS = YES;
				SWIFT_VERSION = 5.0;
				TARGETED_DEVICE_FAMILY = "1,2";
			};
			name = Debug;
		};
		E2C1B4A62B948FB100C41BA3 /* Release */ = {
			isa = XCBuildConfiguration;
			buildSettings = {
				ASSETCATALOG_COMPILER_APPICON_NAME = AppIcon;
				ASSETCATALOG_COMPILER_GLOBAL_ACCENT_COLOR_NAME = AccentColor;
				CODE_SIGN_STYLE = Automatic;
				CURRENT_PROJECT_VERSION = 1;
				DEVELOPMENT_TEAM = KWBL32UU3W;
				GENERATE_INFOPLIST_FILE = YES;
				INFOPLIST_FILE = FirstSteps/Info.plist;
				INFOPLIST_KEY_UIApplicationSupportsIndirectInputEvents = YES;
				INFOPLIST_KEY_UILaunchStoryboardName = LaunchScreen;
				INFOPLIST_KEY_UISupportedInterfaceOrientations_iPad = "UIInterfaceOrientationPortrait UIInterfaceOrientationPortraitUpsideDown UIInterfaceOrientationLandscapeLeft UIInterfaceOrientationLandscapeRight";
				INFOPLIST_KEY_UISupportedInterfaceOrientations_iPhone = "UIInterfaceOrientationPortrait UIInterfaceOrientationLandscapeLeft UIInterfaceOrientationLandscapeRight";
				LD_RUNPATH_SEARCH_PATHS = (
					"$(inherited)",
					"@executable_path/Frameworks",
				);
				MARKETING_VERSION = 1.0;
				PRODUCT_BUNDLE_IDENTIFIER = "com.ivan-pryhara.FirstSteps";
				PRODUCT_NAME = "$(TARGET_NAME)";
				SWIFT_EMIT_LOC_STRINGS = YES;
				SWIFT_VERSION = 5.0;
				TARGETED_DEVICE_FAMILY = "1,2";
			};
			name = Release;
		};
/* End XCBuildConfiguration section */

/* Begin XCConfigurationList section */
		E2C1B48B2B948FAF00C41BA3 /* Build configuration list for PBXProject "FirstSteps" */ = {
			isa = XCConfigurationList;
			buildConfigurations = (
				E2C1B4A22B948FB100C41BA3 /* Debug */,
				E2C1B4A32B948FB100C41BA3 /* Release */,
			);
			defaultConfigurationIsVisible = 0;
			defaultConfigurationName = Release;
		};
		E2C1B4A42B948FB100C41BA3 /* Build configuration list for PBXNativeTarget "FirstSteps" */ = {
			isa = XCConfigurationList;
			buildConfigurations = (
				E2C1B4A52B948FB100C41BA3 /* Debug */,
				E2C1B4A62B948FB100C41BA3 /* Release */,
			);
			defaultConfigurationIsVisible = 0;
			defaultConfigurationName = Release;
		};
/* End XCConfigurationList section */
	};
	rootObject = E2C1B4882B948FAF00C41BA3 /* Project object */;
}
